{
    "_readme": [
        "This file locks the dependencies of your project to a known state",
        "Read more about it at https://getcomposer.org/doc/01-basic-usage.md#composer-lock-the-lock-file",
        "This file is @generated automatically"
    ],
    "hash": "7a139a8fa4dde161062eaca258325640",
    "content-hash": "3b37128a04b9c478056e8bb2b2e5b111",
    "packages": [
        {
            "name": "paypal/rest-api-sdk-php",
            "version": "1.10.0",
            "source": {
                "type": "git",
                "url": "https://github.com/paypal/PayPal-PHP-SDK.git",
                "reference": "f87c4306cccf31be9acea71a55c4978a7f77afcf"
            },
            "dist": {
                "type": "zip",
                "url": "https://api.github.com/repos/paypal/PayPal-PHP-SDK/zipball/f87c4306cccf31be9acea71a55c4978a7f77afcf",
                "reference": "f87c4306cccf31be9acea71a55c4978a7f77afcf",
                "shasum": ""
            },
            "require": {
                "ext-curl": "*",
                "ext-json": "*",
                "php": ">=5.3.0",
                "psr/log": "^1.0.0"
            },
            "require-dev": {
                "phpunit/phpunit": "3.7.*"
            },
            "type": "library",
            "autoload": {
                "psr-0": {
                    "PayPal": "lib/"
                }
            },
            "notification-url": "https://packagist.org/downloads/",
            "license": [
                "Apache-2.0"
            ],
            "authors": [
                {
                    "name": "PayPal",
                    "homepage": "https://github.com/paypal/rest-api-sdk-php/contributors"
                }
            ],
            "description": "PayPal's PHP SDK for REST APIs",
            "homepage": "http://paypal.github.io/PayPal-PHP-SDK/",
            "keywords": [
                "payments",
                "paypal",
                "rest",
                "sdk"
            ],
            "time": "2016-10-27 21:14:38"
        },
        {
            "name": "psr/log",
            "version": "1.0.2",
            "source": {
                "type": "git",
                "url": "https://github.com/php-fig/log.git",
                "reference": "4ebe3a8bf773a19edfe0a84b6585ba3d401b724d"
            },
            "dist": {
                "type": "zip",
                "url": "https://api.github.com/repos/php-fig/log/zipball/4ebe3a8bf773a19edfe0a84b6585ba3d401b724d",
                "reference": "4ebe3a8bf773a19edfe0a84b6585ba3d401b724d",
                "shasum": ""
            },
            "require": {
                "php": ">=5.3.0"
            },
            "type": "library",
            "extra": {
                "branch-alias": {
                    "dev-master": "1.0.x-dev"
                }
            },
            "autoload": {
                "psr-4": {
                    "Psr\\Log\\": "Psr/Log/"
                }
            },
            "notification-url": "https://packagist.org/downloads/",
            "license": [
                "MIT"
            ],
            "authors": [
                {
                    "name": "PHP-FIG",
                    "homepage": "http://www.php-fig.org/"
                }
            ],
            "description": "Common interface for logging libraries",
            "homepage": "https://github.com/php-fig/log",
            "keywords": [
                "log",
                "psr",
                "psr-3"
            ],
            "time": "2016-10-10 12:19:37"
        }
    ],
    "packages-dev": [
        {
            "name": "antecedent/patchwork",
            "version": "1.3.5",
            "source": {
                "type": "git",
                "url": "https://github.com/antecedent/patchwork.git",
                "reference": "908a233f8a374f02b02ff5e3d6ba687ca506d57d"
            },
            "dist": {
                "type": "zip",
                "url": "https://api.github.com/repos/antecedent/patchwork/zipball/908a233f8a374f02b02ff5e3d6ba687ca506d57d",
                "reference": "908a233f8a374f02b02ff5e3d6ba687ca506d57d",
                "shasum": ""
            },
            "require": {
                "php": ">=5.3.0"
            },
            "type": "library",
            "notification-url": "https://packagist.org/downloads/",
            "license": [
                "MIT"
            ],
            "authors": [
                {
                    "name": "Ignas Rudaitis",
                    "email": "ignas.rudaitis@gmail.com"
                }
            ],
            "description": "A pure PHP library that lets you redefine user-defined functions at runtime.",
            "homepage": "http://antecedent.github.io/patchwork/",
            "keywords": [
                "aop",
                "aspect",
                "interception",
                "monkeypatching",
                "redefinition",
                "runkit",
                "testing"
            ],
            "time": "2015-10-09 18:20:06"
        },
        {
            "name": "brain/monkey",
            "version": "1.4.2",
            "source": {
                "type": "git",
                "url": "https://github.com/Brain-WP/BrainMonkey.git",
                "reference": "61db1b4e44ddcc236127213723b95153bc66b40c"
            },
            "dist": {
                "type": "zip",
                "url": "https://api.github.com/repos/Brain-WP/BrainMonkey/zipball/61db1b4e44ddcc236127213723b95153bc66b40c",
                "reference": "61db1b4e44ddcc236127213723b95153bc66b40c",
                "shasum": ""
            },
            "require": {
                "antecedent/patchwork": "1.3.*",
                "mockery/mockery": "*",
                "php": ">=5.4.0"
            },
            "require-dev": {
                "mockery/mockery": "0.9.3",
                "phpunit/phpunit": "~4.8"
            },
            "type": "library",
            "extra": {
                "branch-alias": {
                    "dev-master": "1.0.x-dev"
                }
            },
            "autoload": {
                "psr-4": {
                    "Brain\\": "src/"
                }
            },
            "notification-url": "https://packagist.org/downloads/",
            "license": [
                "MIT"
            ],
            "authors": [
                {
                    "name": "Giuseppe Mazzapica",
                    "email": "giuseppe.mazzapica@gmail.com",
                    "homepage": "http://gm.zoomlab.it",
                    "role": "Developer"
                }
            ],
            "description": "Mocking utility for PHP functions and WordPress plugin API",
            "keywords": [
                "Monkey Patching",
                "interception",
                "mock",
                "mock functions",
                "mockery",
                "patchwork",
                "redefinition",
                "runkit",
                "test",
                "testing"
            ],
            "time": "2016-11-17 18:47:07"
        },
        {
            "name": "hamcrest/hamcrest-php",
            "version": "v1.2.2",
            "source": {
                "type": "git",
                "url": "https://github.com/hamcrest/hamcrest-php.git",
                "reference": "b37020aa976fa52d3de9aa904aa2522dc518f79c"
            },
            "dist": {
                "type": "zip",
                "url": "https://api.github.com/repos/hamcrest/hamcrest-php/zipball/b37020aa976fa52d3de9aa904aa2522dc518f79c",
                "reference": "b37020aa976fa52d3de9aa904aa2522dc518f79c",
                "shasum": ""
            },
            "require": {
                "php": ">=5.3.2"
            },
            "replace": {
                "cordoval/hamcrest-php": "*",
                "davedevelopment/hamcrest-php": "*",
                "kodova/hamcrest-php": "*"
            },
            "require-dev": {
                "phpunit/php-file-iterator": "1.3.3",
                "satooshi/php-coveralls": "dev-master"
            },
            "type": "library",
            "autoload": {
                "classmap": [
                    "hamcrest"
                ],
                "files": [
                    "hamcrest/Hamcrest.php"
                ]
            },
            "notification-url": "https://packagist.org/downloads/",
            "license": [
                "BSD"
            ],
            "description": "This is the PHP port of Hamcrest Matchers",
            "keywords": [
                "test"
            ],
            "time": "2015-05-11 14:41:42"
        },
        {
            "name": "inpsyde/monkery-test-case",
            "version": "dev-master",
            "source": {
                "type": "git",
                "url": "https://github.com/inpsyde/monkery-test-case.git",
                "reference": "7b7d1a2023d1b7de7ce17be7e44b2650ac1ebfa3"
            },
            "dist": {
                "type": "zip",
                "url": "https://api.github.com/repos/inpsyde/monkery-test-case/zipball/7b7d1a2023d1b7de7ce17be7e44b2650ac1ebfa3",
                "reference": "7b7d1a2023d1b7de7ce17be7e44b2650ac1ebfa3",
                "shasum": ""
            },
            "require": {
                "brain/monkey": "^1.4",
                "mockery/mockery": "~0.9",
                "php": ">=5.4.0"
            },
            "suggest": {
                "phpunit/phpunit": "Unit testing framework. Usually installed globally."
            },
            "type": "library",
            "autoload": {
                "psr-4": {
                    "MonkeryTestCase\\": "src/"
                }
            },
            "notification-url": "https://packagist.org/downloads/",
            "license": [
                "MIT"
            ],
            "authors": [
                {
                    "name": "Inpsyde GmbH",
                    "homepage": "http://inpsyde.com",
                    "role": "Company"
                }
            ],
            "description": "Composition package of brain/monkey and mockery/mockery with a custom test case class for PHPUnit",
            "time": "2016-12-08 09:32:17"
        },
        {
            "name": "mockery/mockery",
            "version": "0.9.6",
            "source": {
                "type": "git",
                "url": "https://github.com/padraic/mockery.git",
                "reference": "65d4ca18e15cb02eeb1e5336f884e46b9b905be0"
            },
            "dist": {
                "type": "zip",
                "url": "https://api.github.com/repos/padraic/mockery/zipball/65d4ca18e15cb02eeb1e5336f884e46b9b905be0",
                "reference": "65d4ca18e15cb02eeb1e5336f884e46b9b905be0",
                "shasum": ""
            },
            "require": {
                "hamcrest/hamcrest-php": "~1.1",
                "lib-pcre": ">=7.0",
                "php": ">=5.3.2"
            },
            "require-dev": {
                "phpunit/phpunit": "~4.0"
            },
            "type": "library",
            "extra": {
                "branch-alias": {
                    "dev-master": "0.9.x-dev"
                }
            },
            "autoload": {
                "psr-0": {
                    "Mockery": "library/"
                }
            },
            "notification-url": "https://packagist.org/downloads/",
            "license": [
                "BSD-3-Clause"
            ],
            "authors": [
                {
                    "name": "Pádraic Brady",
                    "email": "padraic.brady@gmail.com",
                    "homepage": "http://blog.astrumfutura.com"
                },
                {
                    "name": "Dave Marshall",
                    "email": "dave.marshall@atstsolutions.co.uk",
                    "homepage": "http://davedevelopment.co.uk"
                }
            ],
            "description": "Mockery is a simple yet flexible PHP mock object framework for use in unit testing with PHPUnit, PHPSpec or any other testing framework. Its core goal is to offer a test double framework with a succinct API capable of clearly defining all possible object operations and interactions using a human readable Domain Specific Language (DSL). Designed as a drop in alternative to PHPUnit's phpunit-mock-objects library, Mockery is easy to integrate with PHPUnit and can operate alongside phpunit-mock-objects without the World ending.",
            "homepage": "http://github.com/padraic/mockery",
            "keywords": [
                "BDD",
                "TDD",
                "library",
                "mock",
                "mock objects",
                "mockery",
                "stub",
                "test",
                "test double",
                "testing"
            ],
            "time": "2016-09-30 12:09:40"
        }
    ],
    "aliases": [],
    "minimum-stability": "dev",
    "stability-flags": {
        "inpsyde/monkery-test-case": 20
    },
    "prefer-stable": true,
    "prefer-lowest": false,
    "platform": [],
    "platform-dev": []
}
